
Microsoft Visual Studio Solution File, Format Version 12.00
# Visual Studio Version 17
VisualStudioVersion = 17.4.33213.308
MinimumVisualStudioVersion = 10.0.40219.1
Project("{FAE04EC0-301F-11D3-BF4B-00C04F79EFBC}") = "TakingAttendence", "TakingAttendence\TakingAttendence.csproj", "{13120D48-B3A7-4BED-A704-394470291571}"
EndProject
Global
	GlobalSection(SolutionConfigurationPlatforms) = preSolution
		Debug|Any CPU = Debug|Any CPU
		Release|Any CPU = Release|Any CPU
	EndGlobalSection
	GlobalSection(ProjectConfigurationPlatforms) = postSolution
		{13120D48-B3A7-4BED-A704-394470291571}.Debug|Any CPU.ActiveCfg = Debug|Any CPU
		{13120D48-B3A7-4BED-A704-394470291571}.Debug|Any CPU.Build.0 = Debug|Any CPU
		{13120D48-B3A7-4BED-A704-394470291571}.Release|Any CPU.ActiveCfg = Release|Any CPU
		{13120D48-B3A7-4BED-A704-394470291571}.Release|Any CPU.Build.0 = Release|Any CPU
	EndGlobalSection
	GlobalSection(SolutionProperties) = preSolution
		HideSolutionNode = FALSE
	EndGlobalSection
	GlobalSection(ExtensibilityGlobals) = postSolution
		SolutionGuid = {2625E2A3-18FB-4FFC-8EEF-7EC81EF75C5B}
	EndGlobalSection
EndGlobal
